
Microsoft Visual Studio Solution File, Format Version 12.00
# Visual Studio Version 16
VisualStudioVersion = 16.0.31313.79
MinimumVisualStudioVersion = 10.0.40219.1
Project("{2150E333-8FDC-42A3-9474-1A3956D46DE8}") = "src", "src", "{8A1C0C20-91EE-4348-A8EA-114D09DE05E0}"
EndProject
Project("{2150E333-8FDC-42A3-9474-1A3956D46DE8}") = "Modules", "Modules", "{2A6EB1E6-5A7C-4732-99A2-0300916FA585}"
EndProject
Project("{2150E333-8FDC-42A3-9474-1A3956D46DE8}") = "Identity", "Identity", "{DFB1D59D-0238-4D55-9FA0-24A11F844F34}"
EndProject
Project("{2150E333-8FDC-42A3-9474-1A3956D46DE8}") = "Catalog", "Catalog", "{408A6296-CD34-4016-91F2-C81782724068}"
EndProject
Project("{2150E333-8FDC-42A3-9474-1A3956D46DE8}") = "People", "People", "{883EBB46-7EA4-4E17-9AB0-7FE0F60C8565}"
EndProject
Project("{2150E333-8FDC-42A3-9474-1A3956D46DE8}") = "Sales", "Sales", "{1CADCB05-2C7B-477C-9BCA-74766638C86E}"
EndProject
Project("{2150E333-8FDC-42A3-9474-1A3956D46DE8}") = "Inventory", "Inventory", "{47737E2E-19DD-438B-BC4F-3ABCED87FD8B}"
EndProject
Project("{9A19103F-16F7-4668-BE54-9A1E7A4F7556}") = "Bootstrapper", "API\Bootstrapper.csproj", "{6F036BDD-0283-454B-8701-8198BDBA738B}"
	ProjectSection(ProjectDependencies) = postProject
		{A9ACE119-B64A-41B0-8A2F-F5F6AFAB2007} = {A9ACE119-B64A-41B0-8A2F-F5F6AFAB2007}
	EndProjectSection
EndProject
Project("{2150E333-8FDC-42A3-9474-1A3956D46DE8}") = "Shared", "Shared", "{3527F964-727A-460F-9148-9A7D7799E433}"
EndProject
Project("{9A19103F-16F7-4668-BE54-9A1E7A4F7556}") = "Shared.Infrastructure", "Shared\Shared.Infrastructure\Shared.Infrastructure.csproj", "{1884A9EB-DA76-450D-8646-2FB3F19F76A7}"
EndProject
Project("{9A19103F-16F7-4668-BE54-9A1E7A4F7556}") = "Shared.Core", "Shared\Shared.Core\Shared.Core.csproj", "{0CDC02BA-FA0C-4081-9CB1-976009E527A3}"
EndProject
Project("{9A19103F-16F7-4668-BE54-9A1E7A4F7556}") = "Modules.Catalog", "Modules\Catalog\Modules.Catalog\Modules.Catalog.csproj", "{F117E9E7-AE75-46E7-AF89-5E7FD80A4F9A}"
EndProject
Project("{2150E333-8FDC-42A3-9474-1A3956D46DE8}") = "Api", "Api", "{D1E949DF-445D-4218-B8BA-8FCA0DBFE1B6}"
EndProject
Project("{9A19103F-16F7-4668-BE54-9A1E7A4F7556}") = "Modules.Catalog.Core", "Modules\Catalog\Modules.Catalog.Core\Modules.Catalog.Core.csproj", "{1BBC117B-89D7-483A-97F3-A031FC964C7A}"
EndProject
Project("{9A19103F-16F7-4668-BE54-9A1E7A4F7556}") = "Modules.Catalog.Infrastructure", "Modules\Catalog\Modules.Catalog.Infrastructure\Modules.Catalog.Infrastructure.csproj", "{A2E419A5-9E34-45D8-8466-B59E5FA0A0F9}"
EndProject
Project("{2150E333-8FDC-42A3-9474-1A3956D46DE8}") = "Accounting", "Accounting", "{BCDE59A2-E549-488C-9345-B8075D028098}"
EndProject
Project("{2150E333-8FDC-42A3-9474-1A3956D46DE8}") = "Solution Items", "Solution Items", "{62D5019E-0D20-4D0B-8ABB-78F97ED6DCC9}"
	ProjectSection(SolutionItems) = preProject
		.editorconfig = .editorconfig
		..\..\docs\adding-extended-attribute-tutorial.md = ..\..\docs\adding-extended-attribute-tutorial.md
		..\..\docs\api-switching-database-provider-tutorial.md = ..\..\docs\api-switching-database-provider-tutorial.md
		Directory.Build.props = Directory.Build.props
		..\..\postman\fluentpos.postman_collection.json = ..\..\postman\fluentpos.postman_collection.json
		fluentpos.ruleset = fluentpos.ruleset
		stylecop.json = stylecop.json
	EndProjectSection
EndProject
Project("{9A19103F-16F7-4668-BE54-9A1E7A4F7556}") = "Modules.Identity", "Modules\Identity\Modules.Identity\Modules.Identity.csproj", "{0EFFDA25-9FC1-4169-BA08-A8A5B5497996}"
EndProject
Project("{9A19103F-16F7-4668-BE54-9A1E7A4F7556}") = "Modules.Identity.Core", "Modules\Identity\Modules.Identity.Core\Modules.Identity.Core.csproj", "{DB7F8800-975F-414A-8322-2720B64945B9}"
EndProject
Project("{9A19103F-16F7-4668-BE54-9A1E7A4F7556}") = "Modules.Identity.Infrastructure", "Modules\Identity\Modules.Identity.Infrastructure\Modules.Identity.Infrastructure.csproj", "{EDCF1DCB-01ED-4042-8C9F-E267CD384FAB}"
EndProject
Project("{9A19103F-16F7-4668-BE54-9A1E7A4F7556}") = "Modules.Inventory", "Modules\Inventory\Modules.Inventory\Modules.Inventory.csproj", "{A12F1588-63A7-488D-A654-7713664B6AAB}"
EndProject
Project("{9A19103F-16F7-4668-BE54-9A1E7A4F7556}") = "Modules.Inventory.Core", "Modules\Inventory\Modules.Inventory.Core\Modules.Inventory.Core.csproj", "{B8C537A7-680D-4333-AE17-AF67B2E33E1F}"
EndProject
Project("{9A19103F-16F7-4668-BE54-9A1E7A4F7556}") = "Modules.Inventory.Infrastructure", "Modules\Inventory\Modules.Inventory.Infrastructure\Modules.Inventory.Infrastructure.csproj", "{9DD21FC1-934D-4419-ADA5-24B0A1817487}"
EndProject
Project("{9A19103F-16F7-4668-BE54-9A1E7A4F7556}") = "Modules.People", "Modules\People\Modules.People\Modules.People.csproj", "{A9ACE119-B64A-41B0-8A2F-F5F6AFAB2007}"
	ProjectSection(ProjectDependencies) = postProject
		{C3FB367E-9CD8-4D98-BA71-CD6CBCB114F1} = {C3FB367E-9CD8-4D98-BA71-CD6CBCB114F1}
		{0F1C5782-2723-4D1E-B9EE-065F56453AF4} = {0F1C5782-2723-4D1E-B9EE-065F56453AF4}
	EndProjectSection
EndProject
Project("{9A19103F-16F7-4668-BE54-9A1E7A4F7556}") = "Modules.People.Core", "Modules\People\Modules.People.Core\Modules.People.Core.csproj", "{C3FB367E-9CD8-4D98-BA71-CD6CBCB114F1}"
EndProject
Project("{9A19103F-16F7-4668-BE54-9A1E7A4F7556}") = "Modules.People.Infrastructure", "Modules\People\Modules.People.Infrastructure\Modules.People.Infrastructure.csproj", "{0F1C5782-2723-4D1E-B9EE-065F56453AF4}"
EndProject
Project("{9A19103F-16F7-4668-BE54-9A1E7A4F7556}") = "Modules.Sales", "Modules\Sales\Modules.Sales\Modules.Sales.csproj", "{B8A4A54A-880A-453C-B374-EDFE4D9EEB2F}"
EndProject
Project("{9A19103F-16F7-4668-BE54-9A1E7A4F7556}") = "Modules.Sales.Core", "Modules\Sales\Modules.Sales.Core\Modules.Sales.Core.csproj", "{A3C0007D-3F25-4F74-A9F0-46CE6043DB06}"
EndProject
Project("{9A19103F-16F7-4668-BE54-9A1E7A4F7556}") = "Modules.Sales.Infrastructure", "Modules\Sales\Modules.Sales.Infrastructure\Modules.Sales.Infrastructure.csproj", "{BB029E74-D559-494F-B742-A8EBD3F9821E}"
EndProject
Project("{9A19103F-16F7-4668-BE54-9A1E7A4F7556}") = "Modules.Accounting", "Modules\Accounting\Modules.Accounting\Modules.Accounting.csproj", "{6DA1C2C7-1674-4F25-951E-EC6159D6DB38}"
EndProject
Project("{9A19103F-16F7-4668-BE54-9A1E7A4F7556}") = "Modules.Accounting.Core", "Modules\Accounting\Modules.Accounting.Core\Modules.Accounting.Core.csproj", "{B36795DB-3C7F-4FEE-B3E0-61CD3E7EE94D}"
EndProject
Project("{9A19103F-16F7-4668-BE54-9A1E7A4F7556}") = "Modules.Accounting.Infrastructure", "Modules\Accounting\Modules.Accounting.Infrastructure\Modules.Accounting.Infrastructure.csproj", "{01D65DCA-C543-430D-9373-7E87384427CB}"
EndProject
Project("{9A19103F-16F7-4668-BE54-9A1E7A4F7556}") = "Shared.DTOs", "Shared\Shared.DTOs\Shared.DTOs.csproj", "{3F6178C5-8E99-4A80-87F8-5FB061DA3994}"
EndProject
Global
	GlobalSection(SolutionConfigurationPlatforms) = preSolution
		Debug|Any CPU = Debug|Any CPU
		Release|Any CPU = Release|Any CPU
	EndGlobalSection
	GlobalSection(ProjectConfigurationPlatforms) = postSolution
		{6F036BDD-0283-454B-8701-8198BDBA738B}.Debug|Any CPU.ActiveCfg = Debug|Any CPU
		{6F036BDD-0283-454B-8701-8198BDBA738B}.Debug|Any CPU.Build.0 = Debug|Any CPU
		{6F036BDD-0283-454B-8701-8198BDBA738B}.Release|Any CPU.ActiveCfg = Release|Any CPU
		{6F036BDD-0283-454B-8701-8198BDBA738B}.Release|Any CPU.Build.0 = Release|Any CPU
		{1884A9EB-DA76-450D-8646-2FB3F19F76A7}.Debug|Any CPU.ActiveCfg = Debug|Any CPU
		{1884A9EB-DA76-450D-8646-2FB3F19F76A7}.Debug|Any CPU.Build.0 = Debug|Any CPU
		{1884A9EB-DA76-450D-8646-2FB3F19F76A7}.Release|Any CPU.ActiveCfg = Release|Any CPU
		{1884A9EB-DA76-450D-8646-2FB3F19F76A7}.Release|Any CPU.Build.0 = Release|Any CPU
		{0CDC02BA-FA0C-4081-9CB1-976009E527A3}.Debug|Any CPU.ActiveCfg = Debug|Any CPU
		{0CDC02BA-FA0C-4081-9CB1-976009E527A3}.Debug|Any CPU.Build.0 = Debug|Any CPU
		{0CDC02BA-FA0C-4081-9CB1-976009E527A3}.Release|Any CPU.ActiveCfg = Release|Any CPU
		{0CDC02BA-FA0C-4081-9CB1-976009E527A3}.Release|Any CPU.Build.0 = Release|Any CPU
		{F117E9E7-AE75-46E7-AF89-5E7FD80A4F9A}.Debug|Any CPU.ActiveCfg = Debug|Any CPU
		{F117E9E7-AE75-46E7-AF89-5E7FD80A4F9A}.Debug|Any CPU.Build.0 = Debug|Any CPU
		{F117E9E7-AE75-46E7-AF89-5E7FD80A4F9A}.Release|Any CPU.ActiveCfg = Release|Any CPU
		{F117E9E7-AE75-46E7-AF89-5E7FD80A4F9A}.Release|Any CPU.Build.0 = Release|Any CPU
		{1BBC117B-89D7-483A-97F3-A031FC964C7A}.Debug|Any CPU.ActiveCfg = Debug|Any CPU
		{1BBC117B-89D7-483A-97F3-A031FC964C7A}.Debug|Any CPU.Build.0 = Debug|Any CPU
		{1BBC117B-89D7-483A-97F3-A031FC964C7A}.Release|Any CPU.ActiveCfg = Release|Any CPU
		{1BBC117B-89D7-483A-97F3-A031FC964C7A}.Release|Any CPU.Build.0 = Release|Any CPU
		{A2E419A5-9E34-45D8-8466-B59E5FA0A0F9}.Debug|Any CPU.ActiveCfg = Debug|Any CPU
		{A2E419A5-9E34-45D8-8466-B59E5FA0A0F9}.Debug|Any CPU.Build.0 = Debug|Any CPU
		{A2E419A5-9E34-45D8-8466-B59E5FA0A0F9}.Release|Any CPU.ActiveCfg = Release|Any CPU
		{A2E419A5-9E34-45D8-8466-B59E5FA0A0F9}.Release|Any CPU.Build.0 = Release|Any CPU
		{0EFFDA25-9FC1-4169-BA08-A8A5B5497996}.Debug|Any CPU.ActiveCfg = Debug|Any CPU
		{0EFFDA25-9FC1-4169-BA08-A8A5B5497996}.Debug|Any CPU.Build.0 = Debug|Any CPU
		{0EFFDA25-9FC1-4169-BA08-A8A5B5497996}.Release|Any CPU.ActiveCfg = Release|Any CPU
		{0EFFDA25-9FC1-4169-BA08-A8A5B5497996}.Release|Any CPU.Build.0 = Release|Any CPU
		{DB7F8800-975F-414A-8322-2720B64945B9}.Debug|Any CPU.ActiveCfg = Debug|Any CPU
		{DB7F8800-975F-414A-8322-2720B64945B9}.Debug|Any CPU.Build.0 = Debug|Any CPU
		{DB7F8800-975F-414A-8322-2720B64945B9}.Release|Any CPU.ActiveCfg = Release|Any CPU
		{DB7F8800-975F-414A-8322-2720B64945B9}.Release|Any CPU.Build.0 = Release|Any CPU
		{EDCF1DCB-01ED-4042-8C9F-E267CD384FAB}.Debug|Any CPU.ActiveCfg = Debug|Any CPU
		{EDCF1DCB-01ED-4042-8C9F-E267CD384FAB}.Debug|Any CPU.Build.0 = Debug|Any CPU
		{EDCF1DCB-01ED-4042-8C9F-E267CD384FAB}.Release|Any CPU.ActiveCfg = Release|Any CPU
		{EDCF1DCB-01ED-4042-8C9F-E267CD384FAB}.Release|Any CPU.Build.0 = Release|Any CPU
		{A12F1588-63A7-488D-A654-7713664B6AAB}.Debug|Any CPU.ActiveCfg = Debug|Any CPU
		{A12F1588-63A7-488D-A654-7713664B6AAB}.Debug|Any CPU.Build.0 = Debug|Any CPU
		{A12F1588-63A7-488D-A654-7713664B6AAB}.Release|Any CPU.ActiveCfg = Release|Any CPU
		{A12F1588-63A7-488D-A654-7713664B6AAB}.Release|Any CPU.Build.0 = Release|Any CPU
		{B8C537A7-680D-4333-AE17-AF67B2E33E1F}.Debug|Any CPU.ActiveCfg = Debug|Any CPU
		{B8C537A7-680D-4333-AE17-AF67B2E33E1F}.Debug|Any CPU.Build.0 = Debug|Any CPU
		{B8C537A7-680D-4333-AE17-AF67B2E33E1F}.Release|Any CPU.ActiveCfg = Release|Any CPU
		{B8C537A7-680D-4333-AE17-AF67B2E33E1F}.Release|Any CPU.Build.0 = Release|Any CPU
		{9DD21FC1-934D-4419-ADA5-24B0A1817487}.Debug|Any CPU.ActiveCfg = Debug|Any CPU
		{9DD21FC1-934D-4419-ADA5-24B0A1817487}.Debug|Any CPU.Build.0 = Debug|Any CPU
		{9DD21FC1-934D-4419-ADA5-24B0A1817487}.Release|Any CPU.ActiveCfg = Release|Any CPU
		{9DD21FC1-934D-4419-ADA5-24B0A1817487}.Release|Any CPU.Build.0 = Release|Any CPU
		{A9ACE119-B64A-41B0-8A2F-F5F6AFAB2007}.Debug|Any CPU.ActiveCfg = Debug|Any CPU
		{A9ACE119-B64A-41B0-8A2F-F5F6AFAB2007}.Debug|Any CPU.Build.0 = Debug|Any CPU
		{A9ACE119-B64A-41B0-8A2F-F5F6AFAB2007}.Release|Any CPU.ActiveCfg = Release|Any CPU
		{A9ACE119-B64A-41B0-8A2F-F5F6AFAB2007}.Release|Any CPU.Build.0 = Release|Any CPU
		{C3FB367E-9CD8-4D98-BA71-CD6CBCB114F1}.Debug|Any CPU.ActiveCfg = Debug|Any CPU
		{C3FB367E-9CD8-4D98-BA71-CD6CBCB114F1}.Debug|Any CPU.Build.0 = Debug|Any CPU
		{C3FB367E-9CD8-4D98-BA71-CD6CBCB114F1}.Release|Any CPU.ActiveCfg = Release|Any CPU
		{C3FB367E-9CD8-4D98-BA71-CD6CBCB114F1}.Release|Any CPU.Build.0 = Release|Any CPU
		{0F1C5782-2723-4D1E-B9EE-065F56453AF4}.Debug|Any CPU.ActiveCfg = Debug|Any CPU
		{0F1C5782-2723-4D1E-B9EE-065F56453AF4}.Debug|Any CPU.Build.0 = Debug|Any CPU
		{0F1C5782-2723-4D1E-B9EE-065F56453AF4}.Release|Any CPU.ActiveCfg = Release|Any CPU
		{0F1C5782-2723-4D1E-B9EE-065F56453AF4}.Release|Any CPU.Build.0 = Release|Any CPU
		{B8A4A54A-880A-453C-B374-EDFE4D9EEB2F}.Debug|Any CPU.ActiveCfg = Debug|Any CPU
		{B8A4A54A-880A-453C-B374-EDFE4D9EEB2F}.Debug|Any CPU.Build.0 = Debug|Any CPU
		{B8A4A54A-880A-453C-B374-EDFE4D9EEB2F}.Release|Any CPU.ActiveCfg = Release|Any CPU
		{B8A4A54A-880A-453C-B374-EDFE4D9EEB2F}.Release|Any CPU.Build.0 = Release|Any CPU
		{A3C0007D-3F25-4F74-A9F0-46CE6043DB06}.Debug|Any CPU.ActiveCfg = Debug|Any CPU
		{A3C0007D-3F25-4F74-A9F0-46CE6043DB06}.Debug|Any CPU.Build.0 = Debug|Any CPU
		{A3C0007D-3F25-4F74-A9F0-46CE6043DB06}.Release|Any CPU.ActiveCfg = Release|Any CPU
		{A3C0007D-3F25-4F74-A9F0-46CE6043DB06}.Release|Any CPU.Build.0 = Release|Any CPU
		{BB029E74-D559-494F-B742-A8EBD3F9821E}.Debug|Any CPU.ActiveCfg = Debug|Any CPU
		{BB029E74-D559-494F-B742-A8EBD3F9821E}.Debug|Any CPU.Build.0 = Debug|Any CPU
		{BB029E74-D559-494F-B742-A8EBD3F9821E}.Release|Any CPU.ActiveCfg = Release|Any CPU
		{BB029E74-D559-494F-B742-A8EBD3F9821E}.Release|Any CPU.Build.0 = Release|Any CPU
		{6DA1C2C7-1674-4F25-951E-EC6159D6DB38}.Debug|Any CPU.ActiveCfg = Debug|Any CPU
		{6DA1C2C7-1674-4F25-951E-EC6159D6DB38}.Debug|Any CPU.Build.0 = Debug|Any CPU
		{6DA1C2C7-1674-4F25-951E-EC6159D6DB38}.Release|Any CPU.ActiveCfg = Release|Any CPU
		{6DA1C2C7-1674-4F25-951E-EC6159D6DB38}.Release|Any CPU.Build.0 = Release|Any CPU
		{B36795DB-3C7F-4FEE-B3E0-61CD3E7EE94D}.Debug|Any CPU.ActiveCfg = Debug|Any CPU
		{B36795DB-3C7F-4FEE-B3E0-61CD3E7EE94D}.Debug|Any CPU.Build.0 = Debug|Any CPU
		{B36795DB-3C7F-4FEE-B3E0-61CD3E7EE94D}.Release|Any CPU.ActiveCfg = Release|Any CPU
		{B36795DB-3C7F-4FEE-B3E0-61CD3E7EE94D}.Release|Any CPU.Build.0 = Release|Any CPU
		{01D65DCA-C543-430D-9373-7E87384427CB}.Debug|Any CPU.ActiveCfg = Debug|Any CPU
		{01D65DCA-C543-430D-9373-7E87384427CB}.Debug|Any CPU.Build.0 = Debug|Any CPU
		{01D65DCA-C543-430D-9373-7E87384427CB}.Release|Any CPU.ActiveCfg = Release|Any CPU
		{01D65DCA-C543-430D-9373-7E87384427CB}.Release|Any CPU.Build.0 = Release|Any CPU
		{3F6178C5-8E99-4A80-87F8-5FB061DA3994}.Debug|Any CPU.ActiveCfg = Debug|Any CPU
		{3F6178C5-8E99-4A80-87F8-5FB061DA3994}.Debug|Any CPU.Build.0 = Debug|Any CPU
		{3F6178C5-8E99-4A80-87F8-5FB061DA3994}.Release|Any CPU.ActiveCfg = Release|Any CPU
		{3F6178C5-8E99-4A80-87F8-5FB061DA3994}.Release|Any CPU.Build.0 = Release|Any CPU
	EndGlobalSection
	GlobalSection(SolutionProperties) = preSolution
		HideSolutionNode = FALSE
	EndGlobalSection
	GlobalSection(NestedProjects) = preSolution
		{2A6EB1E6-5A7C-4732-99A2-0300916FA585} = {8A1C0C20-91EE-4348-A8EA-114D09DE05E0}
		{DFB1D59D-0238-4D55-9FA0-24A11F844F34} = {2A6EB1E6-5A7C-4732-99A2-0300916FA585}
		{408A6296-CD34-4016-91F2-C81782724068} = {2A6EB1E6-5A7C-4732-99A2-0300916FA585}
		{883EBB46-7EA4-4E17-9AB0-7FE0F60C8565} = {2A6EB1E6-5A7C-4732-99A2-0300916FA585}
		{1CADCB05-2C7B-477C-9BCA-74766638C86E} = {2A6EB1E6-5A7C-4732-99A2-0300916FA585}
		{47737E2E-19DD-438B-BC4F-3ABCED87FD8B} = {2A6EB1E6-5A7C-4732-99A2-0300916FA585}
		{6F036BDD-0283-454B-8701-8198BDBA738B} = {D1E949DF-445D-4218-B8BA-8FCA0DBFE1B6}
		{3527F964-727A-460F-9148-9A7D7799E433} = {8A1C0C20-91EE-4348-A8EA-114D09DE05E0}
		{1884A9EB-DA76-450D-8646-2FB3F19F76A7} = {3527F964-727A-460F-9148-9A7D7799E433}
		{0CDC02BA-FA0C-4081-9CB1-976009E527A3} = {3527F964-727A-460F-9148-9A7D7799E433}
		{F117E9E7-AE75-46E7-AF89-5E7FD80A4F9A} = {408A6296-CD34-4016-91F2-C81782724068}
		{D1E949DF-445D-4218-B8BA-8FCA0DBFE1B6} = {8A1C0C20-91EE-4348-A8EA-114D09DE05E0}
		{1BBC117B-89D7-483A-97F3-A031FC964C7A} = {408A6296-CD34-4016-91F2-C81782724068}
		{A2E419A5-9E34-45D8-8466-B59E5FA0A0F9} = {408A6296-CD34-4016-91F2-C81782724068}
		{BCDE59A2-E549-488C-9345-B8075D028098} = {2A6EB1E6-5A7C-4732-99A2-0300916FA585}
		{0EFFDA25-9FC1-4169-BA08-A8A5B5497996} = {DFB1D59D-0238-4D55-9FA0-24A11F844F34}
		{DB7F8800-975F-414A-8322-2720B64945B9} = {DFB1D59D-0238-4D55-9FA0-24A11F844F34}
		{EDCF1DCB-01ED-4042-8C9F-E267CD384FAB} = {DFB1D59D-0238-4D55-9FA0-24A11F844F34}
		{A12F1588-63A7-488D-A654-7713664B6AAB} = {47737E2E-19DD-438B-BC4F-3ABCED87FD8B}
		{B8C537A7-680D-4333-AE17-AF67B2E33E1F} = {47737E2E-19DD-438B-BC4F-3ABCED87FD8B}
		{9DD21FC1-934D-4419-ADA5-24B0A1817487} = {47737E2E-19DD-438B-BC4F-3ABCED87FD8B}
		{A9ACE119-B64A-41B0-8A2F-F5F6AFAB2007} = {883EBB46-7EA4-4E17-9AB0-7FE0F60C8565}
		{C3FB367E-9CD8-4D98-BA71-CD6CBCB114F1} = {883EBB46-7EA4-4E17-9AB0-7FE0F60C8565}
		{0F1C5782-2723-4D1E-B9EE-065F56453AF4} = {883EBB46-7EA4-4E17-9AB0-7FE0F60C8565}
		{B8A4A54A-880A-453C-B374-EDFE4D9EEB2F} = {1CADCB05-2C7B-477C-9BCA-74766638C86E}
		{A3C0007D-3F25-4F74-A9F0-46CE6043DB06} = {1CADCB05-2C7B-477C-9BCA-74766638C86E}
		{BB029E74-D559-494F-B742-A8EBD3F9821E} = {1CADCB05-2C7B-477C-9BCA-74766638C86E}
		{6DA1C2C7-1674-4F25-951E-EC6159D6DB38} = {BCDE59A2-E549-488C-9345-B8075D028098}
		{B36795DB-3C7F-4FEE-B3E0-61CD3E7EE94D} = {BCDE59A2-E549-488C-9345-B8075D028098}
		{01D65DCA-C543-430D-9373-7E87384427CB} = {BCDE59A2-E549-488C-9345-B8075D028098}
		{3F6178C5-8E99-4A80-87F8-5FB061DA3994} = {3527F964-727A-460F-9148-9A7D7799E433}
	EndGlobalSection
	GlobalSection(ExtensibilityGlobals) = postSolution
		SolutionGuid = {470B6C9A-5A3C-4ADA-B916-03AF3F25003D}
	EndGlobalSection
EndGlobal
